
Microsoft Visual Studio Solution File, Format Version 12.00
# Visual Studio Version 16
VisualStudioVersion = 16.0.32929.386
MinimumVisualStudioVersion = 10.0.40219.1
Project("{FAE04EC0-301F-11D3-BF4B-00C04F79EFBC}") = "programs", "programs.csproj", "{DF2A0919-8B59-4577-BD51-E55D759A8D36}"
EndProject
Global
	GlobalSection(SolutionConfigurationPlatforms) = preSolution
		Debug|Any CPU = Debug|Any CPU
		Release|Any CPU = Release|Any CPU
	EndGlobalSection
	GlobalSection(ProjectConfigurationPlatforms) = postSolution
		{DF2A0919-8B59-4577-BD51-E55D759A8D36}.Debug|Any CPU.ActiveCfg = Debug|Any CPU
		{DF2A0919-8B59-4577-BD51-E55D759A8D36}.Debug|Any CPU.Build.0 = Debug|Any CPU
		{DF2A0919-8B59-4577-BD51-E55D759A8D36}.Release|Any CPU.ActiveCfg = Release|Any CPU
		{DF2A0919-8B59-4577-BD51-E55D759A8D36}.Release|Any CPU.Build.0 = Release|Any CPU
	EndGlobalSection
	GlobalSection(SolutionProperties) = preSolution
		HideSolutionNode = FALSE
	EndGlobalSection
	GlobalSection(ExtensibilityGlobals) = postSolution
		SolutionGuid = {1E46FC3B-0AD9-4CC6-BE39-268146BBDA59}
	EndGlobalSection
EndGlobal
